
Microsoft Visual Studio Solution File, Format Version 12.00
# Visual Studio Version 17
VisualStudioVersion = 17.13.35931.197
MinimumVisualStudioVersion = 10.0.40219.1
Project("{FAE04EC0-301F-11D3-BF4B-00C04F79EFBC}") = "DatabaseVerwaltung", "Database\DatabaseVerwaltung.csproj", "{2E957668-A886-4A51-A30F-D42CC0223C17}"
EndProject
Global
	GlobalSection(SolutionConfigurationPlatforms) = preSolution
		Debug|Any CPU = Debug|Any CPU
		Release|Any CPU = Release|Any CPU
	EndGlobalSection
	GlobalSection(ProjectConfigurationPlatforms) = postSolution
		{2E957668-A886-4A51-A30F-D42CC0223C17}.Debug|Any CPU.ActiveCfg = Debug|Any CPU
		{2E957668-A886-4A51-A30F-D42CC0223C17}.Debug|Any CPU.Build.0 = Debug|Any CPU
		{2E957668-A886-4A51-A30F-D42CC0223C17}.Release|Any CPU.ActiveCfg = Release|Any CPU
		{2E957668-A886-4A51-A30F-D42CC0223C17}.Release|Any CPU.Build.0 = Release|Any CPU
	EndGlobalSection
	GlobalSection(SolutionProperties) = preSolution
		HideSolutionNode = FALSE
	EndGlobalSection
	GlobalSection(ExtensibilityGlobals) = postSolution
		SolutionGuid = {14FB6B56-E65A-472A-811B-6AEFE148F29C}
	EndGlobalSection
EndGlobal
